---
lockfileVersion: '9.0'

importers:

  .:
    configDependencies: {}
    packageManagerDependencies:
      pnpm:
        specifier: 12.7.0
        version: 12.7.0

packages:

  '@pnpm/exe.android-arm64@12.7.0':
    resolution: {integrity: sha512-gJTCsUbazAEbIMF9l2t+z3YWHCI0AiThtBsxU6FrxXK0tZsBRZZWpleLs0uY8Dy6V0RcPEusn3UyuAyFn3dkeA==}
    cpu: [arm64]
    os: [android]

  '@pnpm/exe.android-x64@12.7.0':
    resolution: {integrity: sha512-7187pEwqAwbrmXesKiCXfmQUARVacBooJDTWqL+9olZh7sZwnECq5pB/KzuYZbnmdHZUkBWRyvChzKojmtSE7Q==}
    cpu: [x64]
    os: [android]

  '@pnpm/exe.darwin-arm64@12.7.0':
    resolution: {integrity: sha512-ppzJ2ln60/Oq0BJpy5bHqwZb0q1Trg/+xb7myxjaIgZfaybwnH3OuFX5w8PPQdRrjYwljgygYLC/7LMtZc/iuQ==}
    cpu: [arm64]
    os: [darwin]

  '@pnpm/exe.darwin-x64@12.7.0':
    resolution: {integrity: sha512-+qxS/A5O4rFD7T+qqWnWjESbKVAzKsh9LubDHt9xZ34AbwVk3ZFcAW/7vX5R1jqq+uGgziMPtcVJKc5CICVHCQ==}
    cpu: [x64]
    os: [darwin]

  '@pnpm/exe.freebsd-x64@12.7.0':
    resolution: {integrity: sha512-uv0x93hoecec7IlT/FCwQe2siStGspG7G3EZQtIHH2n3ClDzbsQcEiW1QbMoAyZoLVrR7Pm9ovTndUCRcZ5y1g==}
    cpu: [x64]
    os: [freebsd]

  '@pnpm/exe.linux-arm64-musl@12.7.0':
    resolution: {integrity: sha512-XZlRiVL/l8mOhPyaocElpaHq6rKHDvkP/oyo1hHgUePX+XzBtQ0KLEgkBLZbk1/f5yGWimQTPmBNvzaYzQLdOg==}
    cpu: [arm64]
    os: [linux]
    libc: [musl]

  '@pnpm/exe.linux-arm64@12.7.0':
    resolution: {integrity: sha512-vwPQU+Bt3qXMhzjcmMa25W3yP8OyF9yFxHoojr10QJm9lRUmz/SwtM2oHbHKZKkyid/ngmMARXsChFyuRQig5w==}
    cpu: [arm64]
    os: [linux]
    libc: [glibc]

  '@pnpm/exe.linux-ppc64@12.7.0':
    resolution: {integrity: sha512-qzE3TEXYLw0gR2ytclbsGeQ7cA981GeTHMAn86cw9+Jn8nQNa8LZ5ZzCxKRXtGvkEN/FDc0oyGdtILT4JHSStg==}
    cpu: [ppc64]
    os: [linux]
    libc: [glibc]

  '@pnpm/exe.linux-riscv64@12.7.0':
    resolution: {integrity: sha512-bTw09mf/v+AuftWePL7pO3WZR0p52A9flr8zpGlcvxKUAKRTE2BDOVeZsWk/8f01ZaO2/0ECtEds6CKfec591w==}
    cpu: [riscv64]
    os: [linux]
    libc: [glibc]

  '@pnpm/exe.linux-s390x@12.7.0':
    resolution: {integrity: sha512-frVk6Ilh2sKVs+CINnJCp3+kiGRi/cE3DARmFftljlrGX09livS4UU37uc7EsAxI4Kbt0WZjeTVT2q6XbVJCrA==}
    cpu: [s390x]
    os: [linux]
    libc: [glibc]

  '@pnpm/exe.linux-x64-musl@12.7.0':
    resolution: {integrity: sha512-AhoNY7xkhUb0GLqjrtxmxKZsoNM1Jea/VH/ypxt9nyBA5gXJGXo6uM+2Pode3vrWf1rSiVGicokkyEZLkDKf+A==}
    cpu: [x64]
    os: [linux]
    libc: [musl]

  '@pnpm/exe.linux-x64@12.7.0':
    resolution: {integrity: sha512-gGW7NJFmr33IJ6KZu+1w90KBtFxMVf/+AUG8aKJpy4v6dRnUd5v84PcH2ejUuxp/fm3zM0IY6h9LwcYPu9dxdg==}
    cpu: [x64]
    os: [linux]
    libc: [glibc]

  '@pnpm/exe.win32-arm64@12.7.0':
    resolution: {integrity: sha512-cI+aZwzOCQc7hQwCA1BydiM3FpxVHdfdMzI3jOG7MQ0d8NHvk5MrdKTTKiKJH2L5VdwWoWHFXbnvhCEyN/fVsg==}
    cpu: [arm64]
    os: [win32]

  '@pnpm/exe.win32-x64@12.7.0':
    resolution: {integrity: sha512-+eZ6gFsDbdyuw7GO7amdRh+GpjrQOIe9qjjOmeznWeEsfEeD8GNSrRXtbWe/zpPcxheexAnO7UCeavkhHLVFWg==}
    cpu: [x64]
    os: [win32]

  pnpm@12.7.0:
    resolution: {integrity: sha512-nFZHfjYAaNbp3KapLvtORrPcWlL86/PYTXi5c2wN7ViaVhYhpS9oIZp6OfrMY83AecMibvnJ1fArefdOaagHtg==}
    engines: {node: '>=18.*'}
    hasBin: true

snapshots:

  '@pnpm/exe.android-arm64@12.7.0':
    optional: true

  '@pnpm/exe.android-x64@12.7.0':
    optional: true

  '@pnpm/exe.darwin-arm64@12.7.0':
    optional: true

  '@pnpm/exe.darwin-x64@12.7.0':
    optional: true

  '@pnpm/exe.freebsd-x64@12.7.0':
    optional: true

  '@pnpm/exe.linux-arm64-musl@12.7.0':
    optional: true

  '@pnpm/exe.linux-arm64@12.7.0':
    optional: true

  '@pnpm/exe.linux-ppc64@12.7.0':
    optional: true

  '@pnpm/exe.linux-riscv64@12.7.0':
    optional: true

  '@pnpm/exe.linux-s390x@12.7.0':
    optional: true

  '@pnpm/exe.linux-x64-musl@12.7.0':
    optional: true

  '@pnpm/exe.linux-x64@12.7.0':
    optional: true

  '@pnpm/exe.win32-arm64@12.7.0':
    optional: true

  '@pnpm/exe.win32-x64@12.7.0':
    optional: true

  pnpm@12.7.0:
    optionalDependencies:
      '@pnpm/exe.android-arm64': 12.7.0
      '@pnpm/exe.android-x64': 12.7.0
      '@pnpm/exe.darwin-arm64': 12.7.0
      '@pnpm/exe.darwin-x64': 12.7.0
      '@pnpm/exe.freebsd-x64': 12.7.0
      '@pnpm/exe.linux-arm64': 12.7.0
      '@pnpm/exe.linux-arm64-musl': 12.7.0
      '@pnpm/exe.linux-ppc64': 12.7.0
      '@pnpm/exe.linux-riscv64': 12.7.0
      '@pnpm/exe.linux-s390x': 12.7.0
      '@pnpm/exe.linux-x64': 12.7.0
      '@pnpm/exe.linux-x64-musl': 12.7.0
      '@pnpm/exe.win32-arm64': 12.7.0
      '@pnpm/exe.win32-x64': 12.7.0

---
lockfileVersion: '9.0'

settings:
  autoInstallPeers: true
  excludeLinksFromLockfile: false

importers:

  .:
    devDependencies:
      sass:
        specifier: 1.96.0
        version: 1.96.0

packages:

  '@parcel/watcher-android-arm64@2.5.1':
    resolution: {integrity: sha512-KF8+j9nNbUN8vzOFDpRMsaKBHZ/mcjEjMToVMJOhTozkDonQFFrRcfdLWn6yWKCmJKmdVxSgHiYvTCef4/qcBA==}
    engines: {node: '>= 10.0.0'}
    cpu: [arm64]
    os: [android]

  '@parcel/watcher-darwin-arm64@2.5.1':
    resolution: {integrity: sha512-eAzPv5osDmZyBhou8PoF4i6RQXAfeKL9tjb3QzYuccXFMQU0ruIc/POh30ePnaOyD1UXdlKguHBmsTs53tVoPw==}
    engines: {node: '>= 10.0.0'}
    cpu: [arm64]
    os: [darwin]

  '@parcel/watcher-darwin-x64@2.5.1':
    resolution: {integrity: sha512-1ZXDthrnNmwv10A0/3AJNZ9JGlzrF82i3gNQcWOzd7nJ8aj+ILyW1MTxVk35Db0u91oD5Nlk9MBiujMlwmeXZg==}
    engines: {node: '>= 10.0.0'}
    cpu: [x64]
    os: [darwin]

  '@parcel/watcher-freebsd-x64@2.5.1':
    resolution: {integrity: sha512-SI4eljM7Flp9yPuKi8W0ird8TI/JK6CSxju3NojVI6BjHsTyK7zxA9urjVjEKJ5MBYC+bLmMcbAWlZ+rFkLpJQ==}
    engines: {node: '>= 10.0.0'}
    cpu: [x64]
    os: [freebsd]

  '@parcel/watcher-linux-arm-glibc@2.5.1':
    resolution: {integrity: sha512-RCdZlEyTs8geyBkkcnPWvtXLY44BCeZKmGYRtSgtwwnHR4dxfHRG3gR99XdMEdQ7KeiDdasJwwvNSF5jKtDwdA==}
    engines: {node: '>= 10.0.0'}
    cpu: [arm]
    os: [linux]

  '@parcel/watcher-linux-arm-musl@2.5.1':
    resolution: {integrity: sha512-6E+m/Mm1t1yhB8X412stiKFG3XykmgdIOqhjWj+VL8oHkKABfu/gjFj8DvLrYVHSBNC+/u5PeNrujiSQ1zwd1Q==}
    engines: {node: '>= 10.0.0'}
    cpu: [arm]
    os: [linux]

  '@parcel/watcher-linux-arm64-glibc@2.5.1':
    resolution: {integrity: sha512-LrGp+f02yU3BN9A+DGuY3v3bmnFUggAITBGriZHUREfNEzZh/GO06FF5u2kx8x+GBEUYfyTGamol4j3m9ANe8w==}
    engines: {node: '>= 10.0.0'}
    cpu: [arm64]
    os: [linux]

  '@parcel/watcher-linux-arm64-musl@2.5.1':
    resolution: {integrity: sha512-cFOjABi92pMYRXS7AcQv9/M1YuKRw8SZniCDw0ssQb/noPkRzA+HBDkwmyOJYp5wXcsTrhxO0zq1U11cK9jsFg==}
    engines: {node: '>= 10.0.0'}
    cpu: [arm64]
    os: [linux]

  '@parcel/watcher-linux-x64-glibc@2.5.1':
    resolution: {integrity: sha512-GcESn8NZySmfwlTsIur+49yDqSny2IhPeZfXunQi48DMugKeZ7uy1FX83pO0X22sHntJ4Ub+9k34XQCX+oHt2A==}
    engines: {node: '>= 10.0.0'}
    cpu: [x64]
    os: [linux]

  '@parcel/watcher-linux-x64-musl@2.5.1':
    resolution: {integrity: sha512-n0E2EQbatQ3bXhcH2D1XIAANAcTZkQICBPVaxMeaCVBtOpBZpWJuf7LwyWPSBDITb7In8mqQgJ7gH8CILCURXg==}
    engines: {node: '>= 10.0.0'}
    cpu: [x64]
    os: [linux]

  '@parcel/watcher-win32-arm64@2.5.1':
    resolution: {integrity: sha512-RFzklRvmc3PkjKjry3hLF9wD7ppR4AKcWNzH7kXR7GUe0Igb3Nz8fyPwtZCSquGrhU5HhUNDr/mKBqj7tqA2Vw==}
    engines: {node: '>= 10.0.0'}
    cpu: [arm64]
    os: [win32]

  '@parcel/watcher-win32-ia32@2.5.1':
    resolution: {integrity: sha512-c2KkcVN+NJmuA7CGlaGD1qJh1cLfDnQsHjE89E60vUEMlqduHGCdCLJCID5geFVM0dOtA3ZiIO8BoEQmzQVfpQ==}
    engines: {node: '>= 10.0.0'}
    cpu: [ia32]
    os: [win32]

  '@parcel/watcher-win32-x64@2.5.1':
    resolution: {integrity: sha512-9lHBdJITeNR++EvSQVUcaZoWupyHfXe1jZvGZ06O/5MflPcuPLtEphScIBL+AiCWBO46tDSHzWyD0uDmmZqsgA==}
    engines: {node: '>= 10.0.0'}
    cpu: [x64]
    os: [win32]

  '@parcel/watcher@2.5.1':
    resolution: {integrity: sha512-dfUnCxiN9H4ap84DvD2ubjw+3vUNpstxa0TneY/Paat8a3R4uQZDLSvWjmznAY/DoahqTHl9V46HF/Zs3F29pg==}
    engines: {node: '>= 10.0.0'}

  braces@3.0.3:
    resolution: {integrity: sha512-yQbXgO/OSZVD2IsiLlro+7Hf6Q18EJrKSEsdoMzKePKXct3gvD8oLcOQdIzGupr5Fj+EDe8gO/lxc1BzfMpxvA==}
    engines: {node: '>=8'}

  chokidar@4.0.3:
    resolution: {integrity: sha512-Qgzu8kfBvo+cA4962jnP1KkS6Dop5NS6g7R5LFYJr4b8Ub94PPQXUksCw9PvXoeXPRRddRNC5C1JQUR2SMGtnA==}
    engines: {node: '>= 14.16.0'}

  detect-libc@1.0.3:
    resolution: {integrity: sha512-pGjwhsmsp4kL2RTz08wcOlGN83otlqHeD/Z5T8GXZB+/YcpQ/dgo+lbU8ZsGxV0HIvqqxo9l7mqYwyYMD9bKDg==}
    engines: {node: '>=0.10'}
    hasBin: true

  fill-range@7.1.1:
    resolution: {integrity: sha512-YsGpe3WHLK8ZYi4tWDg2Jy3ebRz2rXowDxnld4bkQB00cc/1Zw9AWnC0i9ztDJitivtQvaI9KaLyKrc+hBW0yg==}
    engines: {node: '>=8'}

  immutable@5.1.4:
    resolution: {integrity: sha512-p6u1bG3YSnINT5RQmx/yRZBpenIl30kVxkTLDyHLIMk0gict704Q9n+thfDI7lTRm9vXdDYutVzXhzcThxTnXA==}

  is-extglob@2.1.1:
    resolution: {integrity: sha512-SbKbANkN603Vi4jEZv49LeVJMn4yGwsbzZworEoyEiutsN3nJYdbO36zfhGJ6QEDpOZIFkDtnq5JRxmvl3jsoQ==}
    engines: {node: '>=0.10.0'}

  is-glob@4.0.3:
    resolution: {integrity: sha512-xelSayHH36ZgE7ZWhli7pW34hNbNl8Ojv5KVmkJD4hBdD3th8Tfk9vYasLM+mXWOZhFkgZfxhLSnrwRr4elSSg==}
    engines: {node: '>=0.10.0'}

  is-number@7.0.0:
    resolution: {integrity: sha512-41Cifkg6e8TylSpdtTpeLVMqvSBEVzTttHvERD741+pnZ8ANv0004MRL43QKPDlK9cGvNp6NZWZUBlbGXYxxng==}
    engines: {node: '>=0.12.0'}

  micromatch@4.0.8:
    resolution: {integrity: sha512-PXwfBhYu0hBCPw8Dn0E+WDYb7af3dSLVWKi3HGv84IdF4TyFoC0ysxFd0Goxw7nSv4T/PzEJQxsYsEiFCKo2BA==}
    engines: {node: '>=8.6'}

  node-addon-api@7.1.1:
    resolution: {integrity: sha512-5m3bsyrjFWE1xf7nz7YXdN4udnVtXK6/Yfgn5qnahL6bCkf2yKt4k3nuTKAtT4r3IG8JNR2ncsIMdZuAzJjHQQ==}

  picomatch@2.3.1:
    resolution: {integrity: sha512-JU3teHTNjmE2VCGFzuY8EXzCDVwEqB2a8fsIvwaStHhAWJEeVd1o1QD80CU6+ZdEXXSLbSsuLwJjkCBWqRQUVA==}
    engines: {node: '>=8.6'}

  readdirp@4.1.2:
    resolution: {integrity: sha512-GDhwkLfywWL2s6vEjyhri+eXmfH6j1L7JE27WhqLeYzoh/A3DBaYGEj2H/HFZCn/kMfim73FXxEJTw06WtxQwg==}
    engines: {node: '>= 14.18.0'}

  sass@1.96.0:
    resolution: {integrity: sha512-8u4xqqUeugGNCYwr9ARNtQKTOj4KmYiJAVKXf2CTIivTCR51j96htbMKWDru8H5SaQWpyVgTfOF8Ylyf5pun1Q==}
    engines: {node: '>=14.0.0'}
    hasBin: true

  source-map-js@1.2.1:
    resolution: {integrity: sha512-UXWMKhLOwVKb728IUtQPXxfYU+usdybtUrK/8uGE8CQMvrhOpwvzDBwj0QhSL7MQc7vIsISBG8VQ8+IDQxpfQA==}
    engines: {node: '>=0.10.0'}

  to-regex-range@5.0.1:
    resolution: {integrity: sha512-65P7iz6X5yEr1cwcgvQxbbIw7Uk3gOy5dIdtZ4rDveLqhrdJP+Li/Hx6tyK0NEb+2GCyneCMJiGqrADCSNk8sQ==}
    engines: {node: '>=8.0'}

snapshots:

  '@parcel/watcher-android-arm64@2.5.1':
    optional: true

  '@parcel/watcher-darwin-arm64@2.5.1':
    optional: true

  '@parcel/watcher-darwin-x64@2.5.1':
    optional: true

  '@parcel/watcher-freebsd-x64@2.5.1':
    optional: true

  '@parcel/watcher-linux-arm-glibc@2.5.1':
    optional: true

  '@parcel/watcher-linux-arm-musl@2.5.1':
    optional: true

  '@parcel/watcher-linux-arm64-glibc@2.5.1':
    optional: true

  '@parcel/watcher-linux-arm64-musl@2.5.1':
    optional: true

  '@parcel/watcher-linux-x64-glibc@2.5.1':
    optional: true

  '@parcel/watcher-linux-x64-musl@2.5.1':
    optional: true

  '@parcel/watcher-win32-arm64@2.5.1':
    optional: true

  '@parcel/watcher-win32-ia32@2.5.1':
    optional: true

  '@parcel/watcher-win32-x64@2.5.1':
    optional: true

  '@parcel/watcher@2.5.1':
    dependencies:
      detect-libc: 1.0.3
      is-glob: 4.0.3
      micromatch: 4.0.8
      node-addon-api: 7.1.1
    optionalDependencies:
      '@parcel/watcher-android-arm64': 2.5.1
      '@parcel/watcher-darwin-arm64': 2.5.1
      '@parcel/watcher-darwin-x64': 2.5.1
      '@parcel/watcher-freebsd-x64': 2.5.1
      '@parcel/watcher-linux-arm-glibc': 2.5.1
      '@parcel/watcher-linux-arm-musl': 2.5.1
      '@parcel/watcher-linux-arm64-glibc': 2.5.1
      '@parcel/watcher-linux-arm64-musl': 2.5.1
      '@parcel/watcher-linux-x64-glibc': 2.5.1
      '@parcel/watcher-linux-x64-musl': 2.5.1
      '@parcel/watcher-win32-arm64': 2.5.1
      '@parcel/watcher-win32-ia32': 2.5.1
      '@parcel/watcher-win32-x64': 2.5.1
    optional: true

  braces@3.0.3:
    dependencies:
      fill-range: 7.1.1
    optional: true

  chokidar@4.0.3:
    dependencies:
      readdirp: 4.1.2

  detect-libc@1.0.3:
    optional: true

  fill-range@7.1.1:
    dependencies:
      to-regex-range: 5.0.1
    optional: true

  immutable@5.1.4: {}

  is-extglob@2.1.1:
    optional: true

  is-glob@4.0.3:
    dependencies:
      is-extglob: 2.1.1
    optional: true

  is-number@7.0.0:
    optional: true

  micromatch@4.0.8:
    dependencies:
      braces: 3.0.3
      picomatch: 2.3.1
    optional: true

  node-addon-api@7.1.1:
    optional: true

  picomatch@2.3.1:
    optional: true

  readdirp@4.1.2: {}

  sass@1.96.0:
    dependencies:
      chokidar: 4.0.3
      immutable: 5.1.4
      source-map-js: 1.2.1
    optionalDependencies:
      '@parcel/watcher': 2.5.1

  source-map-js@1.2.1: {}

  to-regex-range@5.0.1:
    dependencies:
      is-number: 7.0.0
    optional: true
